
Microsoft Visual Studio Solution File, Format Version 12.00
# Visual Studio Version 16
VisualStudioVersion = 16.0.29806.167
MinimumVisualStudioVersion = 10.0.40219.1
Project("{FAE04EC0-301F-11D3-BF4B-00C04F79EFBC}") = "App0.Android", "App0\App0.Android\App0.Android.csproj", "{D06EBB52-7E92-45ED-827D-29F0C054A794}"
EndProject
Project("{FAE04EC0-301F-11D3-BF4B-00C04F79EFBC}") = "App0.iOS", "App0\App0.iOS\App0.iOS.csproj", "{8797446A-BD79-41CC-949E-7074D153132C}"
EndProject
Project("{FAE04EC0-301F-11D3-BF4B-00C04F79EFBC}") = "App0", "App0\App0\App0.csproj", "{AB626A4E-1392-4FAA-996D-CB732B6D8AA5}"
EndProject
Global
	GlobalSection(SolutionConfigurationPlatforms) = preSolution
		Debug|Any CPU = Debug|Any CPU
		Debug|iPhone = Debug|iPhone
		Debug|iPhoneSimulator = Debug|iPhoneSimulator
		Release|Any CPU = Release|Any CPU
		Release|iPhone = Release|iPhone
		Release|iPhoneSimulator = Release|iPhoneSimulator
	EndGlobalSection
	GlobalSection(ProjectConfigurationPlatforms) = postSolution
		{D06EBB52-7E92-45ED-827D-29F0C054A794}.Debug|Any CPU.ActiveCfg = Debug|Any CPU
		{D06EBB52-7E92-45ED-827D-29F0C054A794}.Debug|Any CPU.Build.0 = Debug|Any CPU
		{D06EBB52-7E92-45ED-827D-29F0C054A794}.Debug|Any CPU.Deploy.0 = Debug|Any CPU
		{D06EBB52-7E92-45ED-827D-29F0C054A794}.Debug|iPhone.ActiveCfg = Debug|Any CPU
		{D06EBB52-7E92-45ED-827D-29F0C054A794}.Debug|iPhone.Build.0 = Debug|Any CPU
		{D06EBB52-7E92-45ED-827D-29F0C054A794}.Debug|iPhone.Deploy.0 = Debug|Any CPU
		{D06EBB52-7E92-45ED-827D-29F0C054A794}.Debug|iPhoneSimulator.ActiveCfg = Debug|Any CPU
		{D06EBB52-7E92-45ED-827D-29F0C054A794}.Debug|iPhoneSimulator.Build.0 = Debug|Any CPU
		{D06EBB52-7E92-45ED-827D-29F0C054A794}.Debug|iPhoneSimulator.Deploy.0 = Debug|Any CPU
		{D06EBB52-7E92-45ED-827D-29F0C054A794}.Release|Any CPU.ActiveCfg = Release|Any CPU
		{D06EBB52-7E92-45ED-827D-29F0C054A794}.Release|Any CPU.Build.0 = Release|Any CPU
		{D06EBB52-7E92-45ED-827D-29F0C054A794}.Release|Any CPU.Deploy.0 = Release|Any CPU
		{D06EBB52-7E92-45ED-827D-29F0C054A794}.Release|iPhone.ActiveCfg = Release|Any CPU
		{D06EBB52-7E92-45ED-827D-29F0C054A794}.Release|iPhone.Build.0 = Release|Any CPU
		{D06EBB52-7E92-45ED-827D-29F0C054A794}.Release|iPhone.Deploy.0 = Release|Any CPU
		{D06EBB52-7E92-45ED-827D-29F0C054A794}.Release|iPhoneSimulator.ActiveCfg = Release|Any CPU
		{D06EBB52-7E92-45ED-827D-29F0C054A794}.Release|iPhoneSimulator.Build.0 = Release|Any CPU
		{D06EBB52-7E92-45ED-827D-29F0C054A794}.Release|iPhoneSimulator.Deploy.0 = Release|Any CPU
		{8797446A-BD79-41CC-949E-7074D153132C}.Debug|Any CPU.ActiveCfg = Debug|iPhoneSimulator
		{8797446A-BD79-41CC-949E-7074D153132C}.Debug|Any CPU.Build.0 = Debug|iPhoneSimulator
		{8797446A-BD79-41CC-949E-7074D153132C}.Debug|Any CPU.Deploy.0 = Debug|iPhoneSimulator
		{8797446A-BD79-41CC-949E-7074D153132C}.Debug|iPhone.ActiveCfg = Debug|iPhone
		{8797446A-BD79-41CC-949E-7074D153132C}.Debug|iPhone.Build.0 = Debug|iPhone
		{8797446A-BD79-41CC-949E-7074D153132C}.Debug|iPhone.Deploy.0 = Debug|iPhone
		{8797446A-BD79-41CC-949E-7074D153132C}.Debug|iPhoneSimulator.ActiveCfg = Debug|iPhoneSimulator
		{8797446A-BD79-41CC-949E-7074D153132C}.Debug|iPhoneSimulator.Build.0 = Debug|iPhoneSimulator
		{8797446A-BD79-41CC-949E-7074D153132C}.Debug|iPhoneSimulator.Deploy.0 = Debug|iPhoneSimulator
		{8797446A-BD79-41CC-949E-7074D153132C}.Release|Any CPU.ActiveCfg = Release|iPhone
		{8797446A-BD79-41CC-949E-7074D153132C}.Release|Any CPU.Build.0 = Release|iPhone
		{8797446A-BD79-41CC-949E-7074D153132C}.Release|Any CPU.Deploy.0 = Release|iPhone
		{8797446A-BD79-41CC-949E-7074D153132C}.Release|iPhone.ActiveCfg = Release|iPhone
		{8797446A-BD79-41CC-949E-7074D153132C}.Release|iPhone.Build.0 = Release|iPhone
		{8797446A-BD79-41CC-949E-7074D153132C}.Release|iPhone.Deploy.0 = Release|iPhone
		{8797446A-BD79-41CC-949E-7074D153132C}.Release|iPhoneSimulator.ActiveCfg = Release|iPhoneSimulator
		{8797446A-BD79-41CC-949E-7074D153132C}.Release|iPhoneSimulator.Build.0 = Release|iPhoneSimulator
		{8797446A-BD79-41CC-949E-7074D153132C}.Release|iPhoneSimulator.Deploy.0 = Release|iPhoneSimulator
		{AB626A4E-1392-4FAA-996D-CB732B6D8AA5}.Debug|Any CPU.ActiveCfg = Debug|Any CPU
		{AB626A4E-1392-4FAA-996D-CB732B6D8AA5}.Debug|Any CPU.Build.0 = Debug|Any CPU
		{AB626A4E-1392-4FAA-996D-CB732B6D8AA5}.Debug|Any CPU.Deploy.0 = Debug|Any CPU
		{AB626A4E-1392-4FAA-996D-CB732B6D8AA5}.Debug|iPhone.ActiveCfg = Debug|Any CPU
		{AB626A4E-1392-4FAA-996D-CB732B6D8AA5}.Debug|iPhone.Build.0 = Debug|Any CPU
		{AB626A4E-1392-4FAA-996D-CB732B6D8AA5}.Debug|iPhone.Deploy.0 = Debug|Any CPU
		{AB626A4E-1392-4FAA-996D-CB732B6D8AA5}.Debug|iPhoneSimulator.ActiveCfg = Debug|Any CPU
		{AB626A4E-1392-4FAA-996D-CB732B6D8AA5}.Debug|iPhoneSimulator.Build.0 = Debug|Any CPU
		{AB626A4E-1392-4FAA-996D-CB732B6D8AA5}.Debug|iPhoneSimulator.Deploy.0 = Debug|Any CPU
		{AB626A4E-1392-4FAA-996D-CB732B6D8AA5}.Release|Any CPU.ActiveCfg = Release|Any CPU
		{AB626A4E-1392-4FAA-996D-CB732B6D8AA5}.Release|Any CPU.Build.0 = Release|Any CPU
		{AB626A4E-1392-4FAA-996D-CB732B6D8AA5}.Release|Any CPU.Deploy.0 = Release|Any CPU
		{AB626A4E-1392-4FAA-996D-CB732B6D8AA5}.Release|iPhone.ActiveCfg = Release|Any CPU
		{AB626A4E-1392-4FAA-996D-CB732B6D8AA5}.Release|iPhone.Build.0 = Release|Any CPU
		{AB626A4E-1392-4FAA-996D-CB732B6D8AA5}.Release|iPhone.Deploy.0 = Release|Any CPU
		{AB626A4E-1392-4FAA-996D-CB732B6D8AA5}.Release|iPhoneSimulator.ActiveCfg = Release|Any CPU
		{AB626A4E-1392-4FAA-996D-CB732B6D8AA5}.Release|iPhoneSimulator.Build.0 = Release|Any CPU
		{AB626A4E-1392-4FAA-996D-CB732B6D8AA5}.Release|iPhoneSimulator.Deploy.0 = Release|Any CPU
	EndGlobalSection
	GlobalSection(SolutionProperties) = preSolution
		HideSolutionNode = FALSE
	EndGlobalSection
	GlobalSection(ExtensibilityGlobals) = postSolution
		SolutionGuid = {54227EC5-0327-45FF-8111-E5F43CF05F5E}
	EndGlobalSection
EndGlobal
